Microsoft Visual Studio Solution File, Format Version 12.00
# Visual Studio Version 17
VisualStudioVersion = 17.5.2.0
MinimumVisualStudioVersion = 10.0.40219.1
Project("{FAE04EC0-301F-11D3-BF4B-00C04F79EFBC}") = "Activity-101--Sample-CSharp-Questions", "Activity-101--Sample-CSharp-Questions.csproj", "{E4E651BF-A008-E38E-C5A6-04DDAA9C3CC9}"
EndProject
Global
	GlobalSection(SolutionConfigurationPlatforms) = preSolution
		Debug|Any CPU = Debug|Any CPU
		Release|Any CPU = Release|Any CPU
	EndGlobalSection
	GlobalSection(ProjectConfigurationPlatforms) = postSolution
		{E4E651BF-A008-E38E-C5A6-04DDAA9C3CC9}.Debug|Any CPU.ActiveCfg = Debug|Any CPU
		{E4E651BF-A008-E38E-C5A6-04DDAA9C3CC9}.Debug|Any CPU.Build.0 = Debug|Any CPU
		{E4E651BF-A008-E38E-C5A6-04DDAA9C3CC9}.Release|Any CPU.ActiveCfg = Release|Any CPU
		{E4E651BF-A008-E38E-C5A6-04DDAA9C3CC9}.Release|Any CPU.Build.0 = Release|Any CPU
	EndGlobalSection
	GlobalSection(SolutionProperties) = preSolution
		HideSolutionNode = FALSE
	EndGlobalSection
	GlobalSection(ExtensibilityGlobals) = postSolution
		SolutionGuid = {CEA743E5-2AC5-402F-91B2-CEE782A862F4}
	EndGlobalSection
EndGlobal
